// !$*UTF8*$!
{
	archiveVersion = 1;
	classes = {
	};
	objectVersion = 46;
	objects = {

/* Begin PBXBuildFile section */
		451441D31B295CA9000532DD /* main.m in Sources */ = {isa = PBXBuildFile; fileRef = 451441D21B295CA9000532DD /* main.m */; };
		451441D61B295CA9000532DD /* AppDelegate.m in Sources */ = {isa = PBXBuildFile; fileRef = 451441D51B295CA9000532DD /* AppDelegate.m */; };
		451441DE1B295CA9000532DD /* Images.xcassets in Resources */ = {isa = PBXBuildFile; fileRef = 451441DD1B295CA9000532DD /* Images.xcassets */; };
		451441E11B295CA9000532DD /* LaunchScreen.xib in Resources */ = {isa = PBXBuildFile; fileRef = 451441DF1B295CA9000532DD /* LaunchScreen.xib */; };
		451441ED1B295CA9000532DD /* BoboTests.m in Sources */ = {isa = PBXBuildFile; fileRef = 451441EC1B295CA9000532DD /* BoboTests.m */; };
		451442061B295E8B000532DD /* BBMainStatusTableViewController.m in Sources */ = {isa = PBXBuildFile; fileRef = 451442051B295E8B000532DD /* BBMainStatusTableViewController.m */; };
		451442121B29635B000532DD /* libWeiboSDK.a in Frameworks */ = {isa = PBXBuildFile; fileRef = 451442071B29635B000532DD /* libWeiboSDK.a */; };
		451442131B29635B000532DD /* WeiboSDK.bundle in Resources */ = {isa = PBXBuildFile; fileRef = 4514420F1B29635B000532DD /* WeiboSDK.bundle */; };
		451442151B2963D4000532DD /* QuartzCore.framework in Frameworks */ = {isa = PBXBuildFile; fileRef = 451442141B2963D4000532DD /* QuartzCore.framework */; };
		451442171B2963DB000532DD /* ImageIO.framework in Frameworks */ = {isa = PBXBuildFile; fileRef = 451442161B2963DA000532DD /* ImageIO.framework */; };
		451442191B2963E3000532DD /* SystemConfiguration.framework in Frameworks */ = {isa = PBXBuildFile; fileRef = 451442181B2963E3000532DD /* SystemConfiguration.framework */; };
		4514421B1B2963ED000532DD /* Security.framework in Frameworks */ = {isa = PBXBuildFile; fileRef = 4514421A1B2963ED000532DD /* Security.framework */; };
		4514421D1B2963F4000532DD /* UIKit.framework in Frameworks */ = {isa = PBXBuildFile; fileRef = 4514421C1B2963F4000532DD /* UIKit.framework */; };
		4514421F1B2963FA000532DD /* Foundation.framework in Frameworks */ = {isa = PBXBuildFile; fileRef = 4514421E1B2963FA000532DD /* Foundation.framework */; };
		451442211B296401000532DD /* CoreGraphics.framework in Frameworks */ = {isa = PBXBuildFile; fileRef = 451442201B296401000532DD /* CoreGraphics.framework */; };
		454E93E81B3FCD72001126E4 /* NSString+Convert.m in Sources */ = {isa = PBXBuildFile; fileRef = 454E93E71B3FCD72001126E4 /* NSString+Convert.m */; };
		4553E3FE1B54A8E40020989C /* BBStatusDetailTableViewController.m in Sources */ = {isa = PBXBuildFile; fileRef = 4553E3FD1B54A8E40020989C /* BBStatusDetailTableViewController.m */; };
		4553E4011B54CAEB0020989C /* BBCommentTableViewCell.m in Sources */ = {isa = PBXBuildFile; fileRef = 4553E4001B54CAEB0020989C /* BBCommentTableViewCell.m */; };
		4553E4041B54D73D0020989C /* Comment.m in Sources */ = {isa = PBXBuildFile; fileRef = 4553E4031B54D73D0020989C /* Comment.m */; };
		455FFAE51B33F4480007B883 /* UIButton+Bobtn.m in Sources */ = {isa = PBXBuildFile; fileRef = 455FFAE41B33F4480007B883 /* UIButton+Bobtn.m */; };
		455FFAE91B3404540007B883 /* BBNetworkUtils.m in Sources */ = {isa = PBXBuildFile; fileRef = 455FFAE81B3404540007B883 /* BBNetworkUtils.m */; };
		45620D441B370CF500B9F9F2 /* chunvzuo@3x.png in Resources */ = {isa = PBXBuildFile; fileRef = 45620D431B370CF500B9F9F2 /* chunvzuo@3x.png */; };
		4566BC4B1B37ACD5008CF8D5 /* BBProfileTableViewController.m in Sources */ = {isa = PBXBuildFile; fileRef = 4566BC4A1B37ACD5008CF8D5 /* BBProfileTableViewController.m */; };
		4566BC5D1B386001008CF8D5 /* iconfont-gerenshiwu@3x.png in Resources */ = {isa = PBXBuildFile; fileRef = 4566BC5C1B386001008CF8D5 /* iconfont-gerenshiwu@3x.png */; };
		4569202F1B745ECA00E2C204 /* BBFavoritesTableViewController.m in Sources */ = {isa = PBXBuildFile; fileRef = 4569202E1B745ECA00E2C204 /* BBFavoritesTableViewController.m */; };
		456920411B74758B00E2C204 /* bb_collect_icon@3x.png in Resources */ = {isa = PBXBuildFile; fileRef = 456920401B74758B00E2C204 /* bb_collect_icon@3x.png */; };
		456920441B7478A800E2C204 /* iconfont-denglu.png in Resources */ = {isa = PBXBuildFile; fileRef = 456920421B7478A800E2C204 /* iconfont-denglu.png */; };
		456920451B7478A800E2C204 /* iconfont-logout.png in Resources */ = {isa = PBXBuildFile; fileRef = 456920431B7478A800E2C204 /* iconfont-logout.png */; };
		456A2F4A1B7985E0005AF4E0 /* BBFriendsGroupTableViewController.m in Sources */ = {isa = PBXBuildFile; fileRef = 456A2F491B7985E0005AF4E0 /* BBFriendsGroupTableViewController.m */; };
		456C0FDB1B31570C007B5CFB /* CoreText.framework in Frameworks */ = {isa = PBXBuildFile; fileRef = 456C0FDA1B31570C007B5CFB /* CoreText.framework */; };
		456C77E31B2A88110055FBE8 /* libz.dylib in Frameworks */ = {isa = PBXBuildFile; fileRef = 456C77E21B2A88110055FBE8 /* libz.dylib */; };
		456C77E81B2AC5B90055FBE8 /* BBStatusTableViewCell.m in Sources */ = {isa = PBXBuildFile; fileRef = 456C77E71B2AC5B90055FBE8 /* BBStatusTableViewCell.m */; };
		456DA1B51B7C86FE0091D8A7 /* BBKeyboardInputAccessoryView.m in Sources */ = {isa = PBXBuildFile; fileRef = 456DA1B41B7C86FE0091D8A7 /* BBKeyboardInputAccessoryView.m */; };
		45702AD21B2B37F200B81F90 /* CFNetwork.framework in Frameworks */ = {isa = PBXBuildFile; fileRef = 45702AD11B2B37F200B81F90 /* CFNetwork.framework */; };
		45704DAD1B7DBBAE00DC1C8B /* BBPhotoSelectionCollectionViewController.m in Sources */ = {isa = PBXBuildFile; fileRef = 45704DAC1B7DBBAE00DC1C8B /* BBPhotoSelectionCollectionViewController.m */; };
		45704DB01B7DCBF500DC1C8B /* BBPhotoSelectionCollectionViewCell.m in Sources */ = {isa = PBXBuildFile; fileRef = 45704DAF1B7DCBF500DC1C8B /* BBPhotoSelectionCollectionViewCell.m */; };
		4572787A1B53887A00AC0C9C /* Status.m in Sources */ = {isa = PBXBuildFile; fileRef = 457278791B53887A00AC0C9C /* Status.m */; };
		4572787D1B53894F00AC0C9C /* User.m in Sources */ = {isa = PBXBuildFile; fileRef = 4572787C1B53894F00AC0C9C /* User.m */; };
		457278841B53900D00AC0C9C /* Utils.m in Sources */ = {isa = PBXBuildFile; fileRef = 457278831B53900D00AC0C9C /* Utils.m */; };
		4572E1C31B3C59F900348866 /* BBImageBrowserView.m in Sources */ = {isa = PBXBuildFile; fileRef = 4572E1C21B3C59F900348866 /* BBImageBrowserView.m */; };
		45731F0C1B32BD56002EECA6 /* BBButtonbarTableViewCell.m in Sources */ = {isa = PBXBuildFile; fileRef = 45731F0B1B32BD56002EECA6 /* BBButtonbarTableViewCell.m */; };
		457C60EB1B7301F500B10D53 /* BBMeHeaderView.m in Sources */ = {isa = PBXBuildFile; fileRef = 457C60EA1B7301F500B10D53 /* BBMeHeaderView.m */; };
		457C60ED1B7332E400B10D53 /* bb_holder_profile_image.png in Resources */ = {isa = PBXBuildFile; fileRef = 457C60EC1B7332E400B10D53 /* bb_holder_profile_image.png */; };
		458393531B7B4B98005B1766 /* BBUpdateStatusView.m in Sources */ = {isa = PBXBuildFile; fileRef = 458393521B7B4B98005B1766 /* BBUpdateStatusView.m */; };
		458393561B7B536D005B1766 /* BBUpdateBackgroundViewController.m in Sources */ = {isa = PBXBuildFile; fileRef = 458393551B7B536D005B1766 /* BBUpdateBackgroundViewController.m */; };
		458393581B7B54E4005B1766 /* post_tab_icon@3x.png in Resources */ = {isa = PBXBuildFile; fileRef = 458393571B7B54E4005B1766 /* post_tab_icon@3x.png */; };
		4588F7331B3B9B5A00EE32D0 /* Counts.m in Sources */ = {isa = PBXBuildFile; fileRef = 4588F7321B3B9B5A00EE32D0 /* Counts.m */; };
		4588F7461B3BC45500EE32D0 /* car@3x.png in Resources */ = {isa = PBXBuildFile; fileRef = 4588F7451B3BC45500EE32D0 /* car@3x.png */; };
		4588F7501B3BCD5E00EE32D0 /* iconfont-uber@3x.png in Resources */ = {isa = PBXBuildFile; fileRef = 4588F74F1B3BCD5E00EE32D0 /* iconfont-uber@3x.png */; };
		45A052131B3A5CB200A1488D /* timeline_image_loading@2x.png in Resources */ = {isa = PBXBuildFile; fileRef = 45A052121B3A5CB200A1488D /* timeline_image_loading@2x.png */; };
		45A052161B3A898200A1488D /* BBCountTableViewCell.m in Sources */ = {isa = PBXBuildFile; fileRef = 45A052151B3A898200A1488D /* BBCountTableViewCell.m */; };
		45A979031B6E512000A8D472 /* SWRevealViewController.m in Sources */ = {isa = PBXBuildFile; fileRef = 45A979021B6E512000A8D472 /* SWRevealViewController.m */; };
		45F07DBA1B4985B800327E6D /* OpenGLES.framework in Frameworks */ = {isa = PBXBuildFile; fileRef = 45F07DB91B4985B800327E6D /* OpenGLES.framework */; };
		FC097B6414C0C1BA87804A7D /* libPods.a in Frameworks */ = {isa = PBXBuildFile; fileRef = 68ADFD39DDA092351BC9F4D9 /* libPods.a */; };
/* End PBXBuildFile section */

/* Begin PBXContainerItemProxy section */
		451441E71B295CA9000532DD /* PBXContainerItemProxy */ = {
			isa = PBXContainerItemProxy;
			containerPortal = 451441C51B295CA9000532DD /* Project object */;
			proxyType = 1;
			remoteGlobalIDString = 451441CC1B295CA9000532DD;
			remoteInfo = Bobo;
		};
/* End PBXContainerItemProxy section */

/* Begin PBXFileReference section */
		380F8FFC25F72949CFA80BAC /* Pods.debug.xcconfig */ = {isa = PBXFileReference; includeInIndex = 1; lastKnownFileType = text.xcconfig; name = Pods.debug.xcconfig; path = "Pods/Target Support Files/Pods/Pods.debug.xcconfig"; sourceTree = "<group>"; };
		451441CD1B295CA9000532DD /* Bobo.app */ = {isa = PBXFileReference; explicitFileType = wrapper.application; includeInIndex = 0; path = Bobo.app; sourceTree = BUILT_PRODUCTS_DIR; };
		451441D11B295CA9000532DD /* Info.plist */ = {isa = PBXFileReference; lastKnownFileType = text.plist.xml; path = Info.plist; sourceTree = "<group>"; };
		451441D21B295CA9000532DD /* main.m */ = {isa = PBXFileReference; lastKnownFileType = sourcecode.c.objc; path = main.m; sourceTree = "<group>"; };
		451441D41B295CA9000532DD /* AppDelegate.h */ = {isa = PBXFileReference; lastKnownFileType = sourcecode.c.h; path = AppDelegate.h; sourceTree = "<group>"; };
		451441D51B295CA9000532DD /* AppDelegate.m */ = {isa = PBXFileReference; lastKnownFileType = sourcecode.c.objc; path = AppDelegate.m; sourceTree = "<group>"; };
		451441DD1B295CA9000532DD /* Images.xcassets */ = {isa = PBXFileReference; lastKnownFileType = folder.assetcatalog; path = Images.xcassets; sourceTree = "<group>"; };
		451441E01B295CA9000532DD /* Base */ = {isa = PBXFileReference; lastKnownFileType = file.xib; name = Base; path = Base.lproj/LaunchScreen.xib; sourceTree = "<group>"; };
		451441E61B295CA9000532DD /* BoboTests.xctest */ = {isa = PBXFileReference; explicitFileType = wrapper.cfbundle; includeInIndex = 0; path = BoboTests.xctest; sourceTree = BUILT_PRODUCTS_DIR; };
		451441EB1B295CA9000532DD /* Info.plist */ = {isa = PBXFileReference; lastKnownFileType = text.plist.xml; path = Info.plist; sourceTree = "<group>"; };
		451441EC1B295CA9000532DD /* BoboTests.m */ = {isa = PBXFileReference; lastKnownFileType = sourcecode.c.objc; path = BoboTests.m; sourceTree = "<group>"; };
		451442041B295E8B000532DD /* BBMainStatusTableViewController.h */ = {isa = PBXFileReference; fileEncoding = 4; lastKnownFileType = sourcecode.c.h; path = BBMainStatusTableViewController.h; sourceTree = "<group>"; };
		451442051B295E8B000532DD /* BBMainStatusTableViewController.m */ = {isa = PBXFileReference; fileEncoding = 4; lastKnownFileType = sourcecode.c.objc; path = BBMainStatusTableViewController.m; sourceTree = "<group>"; };
		451442071B29635B000532DD /* libWeiboSDK.a */ = {isa = PBXFileReference; lastKnownFileType = archive.ar; path = libWeiboSDK.a; sourceTree = "<group>"; };
		451442081B29635B000532DD /* WBHttpRequest.h */ = {isa = PBXFileReference; fileEncoding = 4; lastKnownFileType = sourcecode.c.h; path = WBHttpRequest.h; sourceTree = "<group>"; };
		451442091B29635B000532DD /* WBHttpRequest+WeiboShare.h */ = {isa = PBXFileReference; fileEncoding = 4; lastKnownFileType = sourcecode.c.h; path = "WBHttpRequest+WeiboShare.h"; sourceTree = "<group>"; };
		4514420A1B29635B000532DD /* WBHttpRequest+WeiboToken.h */ = {isa = PBXFileReference; fileEncoding = 4; lastKnownFileType = sourcecode.c.h; path = "WBHttpRequest+WeiboToken.h"; sourceTree = "<group>"; };
		4514420B1B29635B000532DD /* WBHttpRequest+WeiboUser.h */ = {isa = PBXFileReference; fileEncoding = 4; lastKnownFileType = sourcecode.c.h; path = "WBHttpRequest+WeiboUser.h"; sourceTree = "<group>"; };
		4514420C1B29635B000532DD /* WBSDKBasicButton.h */ = {isa = PBXFileReference; fileEncoding = 4; lastKnownFileType = sourcecode.c.h; path = WBSDKBasicButton.h; sourceTree = "<group>"; };
		4514420D1B29635B000532DD /* WBSDKCommentButton.h */ = {isa = PBXFileReference; fileEncoding = 4; lastKnownFileType = sourcecode.c.h; path = WBSDKCommentButton.h; sourceTree = "<group>"; };
		4514420E1B29635B000532DD /* WBSDKRelationshipButton.h */ = {isa = PBXFileReference; fileEncoding = 4; lastKnownFileType = sourcecode.c.h; path = WBSDKRelationshipButton.h; sourceTree = "<group>"; };
		4514420F1B29635B000532DD /* WeiboSDK.bundle */ = {isa = PBXFileReference; lastKnownFileType = "wrapper.plug-in"; path = WeiboSDK.bundle; sourceTree = "<group>"; };
		451442101B29635B000532DD /* WeiboSDK.h */ = {isa = PBXFileReference; fileEncoding = 4; lastKnownFileType = sourcecode.c.h; path = WeiboSDK.h; sourceTree = "<group>"; };
		451442111B29635B000532DD /* WeiboUser.h */ = {isa = PBXFileReference; fileEncoding = 4; lastKnownFileType = sourcecode.c.h; path = WeiboUser.h; sourceTree = "<group>"; };
		451442141B2963D4000532DD /* QuartzCore.framework */ = {isa = PBXFileReference; lastKnownFileType = wrapper.framework; name = QuartzCore.framework; path = System/Library/Frameworks/QuartzCore.framework; sourceTree = SDKROOT; };
		451442161B2963DA000532DD /* ImageIO.framework */ = {isa = PBXFileReference; lastKnownFileType = wrapper.framework; name = ImageIO.framework; path = System/Library/Frameworks/ImageIO.framework; sourceTree = SDKROOT; };
		451442181B2963E3000532DD /* SystemConfiguration.framework */ = {isa = PBXFileReference; lastKnownFileType = wrapper.framework; name = SystemConfiguration.framework; path = System/Library/Frameworks/SystemConfiguration.framework; sourceTree = SDKROOT; };
		4514421A1B2963ED000532DD /* Security.framework */ = {isa = PBXFileReference; lastKnownFileType = wrapper.framework; name = Security.framework; path = System/Library/Frameworks/Security.framework; sourceTree = SDKROOT; };
		4514421C1B2963F4000532DD /* UIKit.framework */ = {isa = PBXFileReference; lastKnownFileType = wrapper.framework; name = UIKit.framework; path = System/Library/Frameworks/UIKit.framework; sourceTree = SDKROOT; };
		4514421E1B2963FA000532DD /* Foundation.framework */ = {isa = PBXFileReference; lastKnownFileType = wrapper.framework; name = Foundation.framework; path = System/Library/Frameworks/Foundation.framework; sourceTree = SDKROOT; };
		451442201B296401000532DD /* CoreGraphics.framework */ = {isa = PBXFileReference; lastKnownFileType = wrapper.framework; name = CoreGraphics.framework; path = System/Library/Frameworks/CoreGraphics.framework; sourceTree = SDKROOT; };
		453035D21B4A609400647ACC /* Release-iphoneos */ = {isa = PBXFileReference; lastKnownFileType = folder; name = "Release-iphoneos"; path = "Bobo/Release-iphoneos"; sourceTree = "<group>"; };
		454E93E61B3FCD72001126E4 /* NSString+Convert.h */ = {isa = PBXFileReference; fileEncoding = 4; lastKnownFileType = sourcecode.c.h; path = "NSString+Convert.h"; sourceTree = "<group>"; };
		454E93E71B3FCD72001126E4 /* NSString+Convert.m */ = {isa = PBXFileReference; fileEncoding = 4; lastKnownFileType = sourcecode.c.objc; path = "NSString+Convert.m"; sourceTree = "<group>"; };
		4553E3FC1B54A8E40020989C /* BBStatusDetailTableViewController.h */ = {isa = PBXFileReference; fileEncoding = 4; lastKnownFileType = sourcecode.c.h; path = BBStatusDetailTableViewController.h; sourceTree = "<group>"; };
		4553E3FD1B54A8E40020989C /* BBStatusDetailTableViewController.m */ = {isa = PBXFileReference; fileEncoding = 4; lastKnownFileType = sourcecode.c.objc; path = BBStatusDetailTableViewController.m; sourceTree = "<group>"; };
		4553E3FF1B54CAEB0020989C /* BBCommentTableViewCell.h */ = {isa = PBXFileReference; fileEncoding = 4; lastKnownFileType = sourcecode.c.h; path = BBCommentTableViewCell.h; sourceTree = "<group>"; };
		4553E4001B54CAEB0020989C /* BBCommentTableViewCell.m */ = {isa = PBXFileReference; fileEncoding = 4; lastKnownFileType = sourcecode.c.objc; path = BBCommentTableViewCell.m; sourceTree = "<group>"; };
		4553E4021B54D73D0020989C /* Comment.h */ = {isa = PBXFileReference; fileEncoding = 4; lastKnownFileType = sourcecode.c.h; path = Comment.h; sourceTree = "<group>"; };
		4553E4031B54D73D0020989C /* Comment.m */ = {isa = PBXFileReference; fileEncoding = 4; lastKnownFileType = sourcecode.c.objc; path = Comment.m; sourceTree = "<group>"; };
		455FFAE31B33F4480007B883 /* UIButton+Bobtn.h */ = {isa = PBXFileReference; fileEncoding = 4; lastKnownFileType = sourcecode.c.h; path = "UIButton+Bobtn.h"; sourceTree = "<group>"; };
		455FFAE41B33F4480007B883 /* UIButton+Bobtn.m */ = {isa = PBXFileReference; fileEncoding = 4; lastKnownFileType = sourcecode.c.objc; path = "UIButton+Bobtn.m"; sourceTree = "<group>"; };
		455FFAE71B3404540007B883 /* BBNetworkUtils.h */ = {isa = PBXFileReference; fileEncoding = 4; lastKnownFileType = sourcecode.c.h; path = BBNetworkUtils.h; sourceTree = "<group>"; };
		455FFAE81B3404540007B883 /* BBNetworkUtils.m */ = {isa = PBXFileReference; fileEncoding = 4; lastKnownFileType = sourcecode.c.objc; path = BBNetworkUtils.m; sourceTree = "<group>"; };
		45620D431B370CF500B9F9F2 /* chunvzuo@3x.png */ = {isa = PBXFileReference; lastKnownFileType = image.png; path = "chunvzuo@3x.png"; sourceTree = "<group>"; };
		4566BC491B37ACD5008CF8D5 /* BBProfileTableViewController.h */ = {isa = PBXFileReference; fileEncoding = 4; lastKnownFileType = sourcecode.c.h; path = BBProfileTableViewController.h; sourceTree = "<group>"; };
		4566BC4A1B37ACD5008CF8D5 /* BBProfileTableViewController.m */ = {isa = PBXFileReference; fileEncoding = 4; lastKnownFileType = sourcecode.c.objc; path = BBProfileTableViewController.m; sourceTree = "<group>"; };
		4566BC5C1B386001008CF8D5 /* iconfont-gerenshiwu@3x.png */ = {isa = PBXFileReference; lastKnownFileType = image.png; path = "iconfont-gerenshiwu@3x.png"; sourceTree = "<group>"; };
		4569202D1B745ECA00E2C204 /* BBFavoritesTableViewController.h */ = {isa = PBXFileReference; fileEncoding = 4; lastKnownFileType = sourcecode.c.h; path = BBFavoritesTableViewController.h; sourceTree = "<group>"; };
		4569202E1B745ECA00E2C204 /* BBFavoritesTableViewController.m */ = {isa = PBXFileReference; fileEncoding = 4; lastKnownFileType = sourcecode.c.objc; path = BBFavoritesTableViewController.m; sourceTree = "<group>"; };
		456920401B74758B00E2C204 /* bb_collect_icon@3x.png */ = {isa = PBXFileReference; lastKnownFileType = image.png; path = "bb_collect_icon@3x.png"; sourceTree = "<group>"; };
		456920421B7478A800E2C204 /* iconfont-denglu.png */ = {isa = PBXFileReference; lastKnownFileType = image.png; path = "iconfont-denglu.png"; sourceTree = "<group>"; };
		456920431B7478A800E2C204 /* iconfont-logout.png */ = {isa = PBXFileReference; lastKnownFileType = image.png; path = "iconfont-logout.png"; sourceTree = "<group>"; };
		456A2F481B7985E0005AF4E0 /* BBFriendsGroupTableViewController.h */ = {isa = PBXFileReference; fileEncoding = 4; lastKnownFileType = sourcecode.c.h; path = BBFriendsGroupTableViewController.h; sourceTree = "<group>"; };
		456A2F491B7985E0005AF4E0 /* BBFriendsGroupTableViewController.m */ = {isa = PBXFileReference; fileEncoding = 4; lastKnownFileType = sourcecode.c.objc; path = BBFriendsGroupTableViewController.m; sourceTree = "<group>"; };
		456C0FDA1B31570C007B5CFB /* CoreText.framework */ = {isa = PBXFileReference; lastKnownFileType = wrapper.framework; name = CoreText.framework; path = System/Library/Frameworks/CoreText.framework; sourceTree = SDKROOT; };
		456C77E21B2A88110055FBE8 /* libz.dylib */ = {isa = PBXFileReference; lastKnownFileType = "compiled.mach-o.dylib"; name = libz.dylib; path = usr/lib/libz.dylib; sourceTree = SDKROOT; };
		456C77E61B2AC5B90055FBE8 /* BBStatusTableViewCell.h */ = {isa = PBXFileReference; fileEncoding = 4; lastKnownFileType = sourcecode.c.h; path = BBStatusTableViewCell.h; sourceTree = "<group>"; };
		456C77E71B2AC5B90055FBE8 /* BBStatusTableViewCell.m */ = {isa = PBXFileReference; fileEncoding = 4; lastKnownFileType = sourcecode.c.objc; path = BBStatusTableViewCell.m; sourceTree = "<group>"; };
		456DA1B31B7C86FE0091D8A7 /* BBKeyboardInputAccessoryView.h */ = {isa = PBXFileReference; fileEncoding = 4; lastKnownFileType = sourcecode.c.h; path = BBKeyboardInputAccessoryView.h; sourceTree = "<group>"; };
		456DA1B41B7C86FE0091D8A7 /* BBKeyboardInputAccessoryView.m */ = {isa = PBXFileReference; fileEncoding = 4; lastKnownFileType = sourcecode.c.objc; path = BBKeyboardInputAccessoryView.m; sourceTree = "<group>"; };
		45702AD11B2B37F200B81F90 /* CFNetwork.framework */ = {isa = PBXFileReference; lastKnownFileType = wrapper.framework; name = CFNetwork.framework; path = System/Library/Frameworks/CFNetwork.framework; sourceTree = SDKROOT; };
		45704DA61B7D865F00DC1C8B /* Photos.framework */ = {isa = PBXFileReference; lastKnownFileType = wrapper.framework; name = Photos.framework; path = System/Library/Frameworks/Photos.framework; sourceTree = SDKROOT; };
		45704DAB1B7DBBAE00DC1C8B /* BBPhotoSelectionCollectionViewController.h */ = {isa = PBXFileReference; fileEncoding = 4; lastKnownFileType = sourcecode.c.h; path = BBPhotoSelectionCollectionViewController.h; sourceTree = "<group>"; };
		45704DAC1B7DBBAE00DC1C8B /* BBPhotoSelectionCollectionViewController.m */ = {isa = PBXFileReference; fileEncoding = 4; lastKnownFileType = sourcecode.c.objc; path = BBPhotoSelectionCollectionViewController.m; sourceTree = "<group>"; };
		45704DAE1B7DCBF500DC1C8B /* BBPhotoSelectionCollectionViewCell.h */ = {isa = PBXFileReference; fileEncoding = 4; lastKnownFileType = sourcecode.c.h; path = BBPhotoSelectionCollectionViewCell.h; sourceTree = "<group>"; };
		45704DAF1B7DCBF500DC1C8B /* BBPhotoSelectionCollectionViewCell.m */ = {isa = PBXFileReference; fileEncoding = 4; lastKnownFileType = sourcecode.c.objc; path = BBPhotoSelectionCollectionViewCell.m; sourceTree = "<group>"; };
		457278781B53887A00AC0C9C /* Status.h */ = {isa = PBXFileReference; fileEncoding = 4; lastKnownFileType = sourcecode.c.h; path = Status.h; sourceTree = "<group>"; };
		457278791B53887A00AC0C9C /* Status.m */ = {isa = PBXFileReference; fileEncoding = 4; lastKnownFileType = sourcecode.c.objc; path = Status.m; sourceTree = "<group>"; };
		4572787B1B53894F00AC0C9C /* User.h */ = {isa = PBXFileReference; fileEncoding = 4; lastKnownFileType = sourcecode.c.h; path = User.h; sourceTree = "<group>"; };
		4572787C1B53894F00AC0C9C /* User.m */ = {isa = PBXFileReference; fileEncoding = 4; lastKnownFileType = sourcecode.c.objc; path = User.m; sourceTree = "<group>"; };
		457278821B53900D00AC0C9C /* Utils.h */ = {isa = PBXFileReference; fileEncoding = 4; lastKnownFileType = sourcecode.c.h; path = Utils.h; sourceTree = "<group>"; };
		457278831B53900D00AC0C9C /* Utils.m */ = {isa = PBXFileReference; fileEncoding = 4; lastKnownFileType = sourcecode.c.objc; path = Utils.m; sourceTree = "<group>"; };
		4572E1C11B3C59F900348866 /* BBImageBrowserView.h */ = {isa = PBXFileReference; fileEncoding = 4; lastKnownFileType = sourcecode.c.h; path = BBImageBrowserView.h; sourceTree = "<group>"; };
		4572E1C21B3C59F900348866 /* BBImageBrowserView.m */ = {isa = PBXFileReference; fileEncoding = 4; lastKnownFileType = sourcecode.c.objc; path = BBImageBrowserView.m; sourceTree = "<group>"; };
		45731F0A1B32BD56002EECA6 /* BBButtonbarTableViewCell.h */ = {isa = PBXFileReference; fileEncoding = 4; lastKnownFileType = sourcecode.c.h; path = BBButtonbarTableViewCell.h; sourceTree = "<group>"; };
		45731F0B1B32BD56002EECA6 /* BBButtonbarTableViewCell.m */ = {isa = PBXFileReference; fileEncoding = 4; lastKnownFileType = sourcecode.c.objc; path = BBButtonbarTableViewCell.m; sourceTree = "<group>"; };
		457C60E91B7301F500B10D53 /* BBMeHeaderView.h */ = {isa = PBXFileReference; fileEncoding = 4; lastKnownFileType = sourcecode.c.h; path = BBMeHeaderView.h; sourceTree = "<group>"; };
		457C60EA1B7301F500B10D53 /* BBMeHeaderView.m */ = {isa = PBXFileReference; fileEncoding = 4; lastKnownFileType = sourcecode.c.objc; path = BBMeHeaderView.m; sourceTree = "<group>"; };
		457C60EC1B7332E400B10D53 /* bb_holder_profile_image.png */ = {isa = PBXFileReference; lastKnownFileType = image.png; path = bb_holder_profile_image.png; sourceTree = "<group>"; };
		458393511B7B4B98005B1766 /* BBUpdateStatusView.h */ = {isa = PBXFileReference; fileEncoding = 4; lastKnownFileType = sourcecode.c.h; path = BBUpdateStatusView.h; sourceTree = "<group>"; };
		458393521B7B4B98005B1766 /* BBUpdateStatusView.m */ = {isa = PBXFileReference; fileEncoding = 4; lastKnownFileType = sourcecode.c.objc; path = BBUpdateStatusView.m; sourceTree = "<group>"; };
		458393541B7B536D005B1766 /* BBUpdateBackgroundViewController.h */ = {isa = PBXFileReference; fileEncoding = 4; lastKnownFileType = sourcecode.c.h; path = BBUpdateBackgroundViewController.h; sourceTree = "<group>"; };
		458393551B7B536D005B1766 /* BBUpdateBackgroundViewController.m */ = {isa = PBXFileReference; fileEncoding = 4; lastKnownFileType = sourcecode.c.objc; path = BBUpdateBackgroundViewController.m; sourceTree = "<group>"; };
		458393571B7B54E4005B1766 /* post_tab_icon@3x.png */ = {isa = PBXFileReference; lastKnownFileType = image.png; path = "post_tab_icon@3x.png"; sourceTree = "<group>"; };
		4588F7311B3B9B5A00EE32D0 /* Counts.h */ = {isa = PBXFileReference; fileEncoding = 4; lastKnownFileType = sourcecode.c.h; path = Counts.h; sourceTree = "<group>"; };
		4588F7321B3B9B5A00EE32D0 /* Counts.m */ = {isa = PBXFileReference; fileEncoding = 4; lastKnownFileType = sourcecode.c.objc; path = Counts.m; sourceTree = "<group>"; };
		4588F7451B3BC45500EE32D0 /* car@3x.png */ = {isa = PBXFileReference; lastKnownFileType = image.png; path = "car@3x.png"; sourceTree = "<group>"; };
		4588F74F1B3BCD5E00EE32D0 /* iconfont-uber@3x.png */ = {isa = PBXFileReference; lastKnownFileType = image.png; path = "iconfont-uber@3x.png"; sourceTree = "<group>"; };
		45A052121B3A5CB200A1488D /* timeline_image_loading@2x.png */ = {isa = PBXFileReference; lastKnownFileType = image.png; path = "timeline_image_loading@2x.png"; sourceTree = "<group>"; };
		45A052141B3A898200A1488D /* BBCountTableViewCell.h */ = {isa = PBXFileReference; fileEncoding = 4; lastKnownFileType = sourcecode.c.h; path = BBCountTableViewCell.h; sourceTree = "<group>"; };
		45A052151B3A898200A1488D /* BBCountTableViewCell.m */ = {isa = PBXFileReference; fileEncoding = 4; lastKnownFileType = sourcecode.c.objc; path = BBCountTableViewCell.m; sourceTree = "<group>"; };
		45A979011B6E512000A8D472 /* SWRevealViewController.h */ = {isa = PBXFileReference; fileEncoding = 4; lastKnownFileType = sourcecode.c.h; path = SWRevealViewController.h; sourceTree = "<group>"; };
		45A979021B6E512000A8D472 /* SWRevealViewController.m */ = {isa = PBXFileReference; fileEncoding = 4; lastKnownFileType = sourcecode.c.objc; path = SWRevealViewController.m; sourceTree = "<group>"; };
		45F07DB91B4985B800327E6D /* OpenGLES.framework */ = {isa = PBXFileReference; lastKnownFileType = wrapper.framework; name = OpenGLES.framework; path = System/Library/Frameworks/OpenGLES.framework; sourceTree = SDKROOT; };
		68ADFD39DDA092351BC9F4D9 /* libPods.a */ = {isa = PBXFileReference; explicitFileType = archive.ar; includeInIndex = 0; path = libPods.a; sourceTree = BUILT_PRODUCTS_DIR; };
		A514AEC441207DBA08E4A83B /* Pods.release.xcconfig */ = {isa = PBXFileReference; includeInIndex = 1; lastKnownFileType = text.xcconfig; name = Pods.release.xcconfig; path = "Pods/Target Support Files/Pods/Pods.release.xcconfig"; sourceTree = "<group>"; };
/* End PBXFileReference section */

/* Begin PBXFrameworksBuildPhase section */
		451441CA1B295CA9000532DD /* Frameworks */ = {
			isa = PBXFrameworksBuildPhase;
			buildActionMask = 2147483647;
			files = (
				45F07DBA1B4985B800327E6D /* OpenGLES.framework in Frameworks */,
				456C0FDB1B31570C007B5CFB /* CoreText.framework in Frameworks */,
				45702AD21B2B37F200B81F90 /* CFNetwork.framework in Frameworks */,
				456C77E31B2A88110055FBE8 /* libz.dylib in Frameworks */,
				451442211B296401000532DD /* CoreGraphics.framework in Frameworks */,
				4514421F1B2963FA000532DD /* Foundation.framework in Frameworks */,
				4514421D1B2963F4000532DD /* UIKit.framework in Frameworks */,
				4514421B1B2963ED000532DD /* Security.framework in Frameworks */,
				451442191B2963E3000532DD /* SystemConfiguration.framework in Frameworks */,
				451442171B2963DB000532DD /* ImageIO.framework in Frameworks */,
				451442151B2963D4000532DD /* QuartzCore.framework in Frameworks */,
				451442121B29635B000532DD /* libWeiboSDK.a in Frameworks */,
				FC097B6414C0C1BA87804A7D /* libPods.a in Frameworks */,
			);
			runOnlyForDeploymentPostprocessing = 0;
		};
		451441E31B295CA9000532DD /* Frameworks */ = {
			isa = PBXFrameworksBuildPhase;
			buildActionMask = 2147483647;
			files = (
			);
			runOnlyForDeploymentPostprocessing = 0;
		};
/* End PBXFrameworksBuildPhase section */

/* Begin PBXGroup section */
		0B724CE50D0FC385A918684B /* Frameworks */ = {
			isa = PBXGroup;
			children = (
				45704DA61B7D865F00DC1C8B /* Photos.framework */,
				453035D21B4A609400647ACC /* Release-iphoneos */,
				45F07DB91B4985B800327E6D /* OpenGLES.framework */,
				456C0FDA1B31570C007B5CFB /* CoreText.framework */,
				45702AD11B2B37F200B81F90 /* CFNetwork.framework */,
				456C77E21B2A88110055FBE8 /* libz.dylib */,
				68ADFD39DDA092351BC9F4D9 /* libPods.a */,
			);
			name = Frameworks;
			sourceTree = "<group>";
		};
		33CB51E8FA4629747EC83665 /* Pods */ = {
			isa = PBXGroup;
			children = (
				380F8FFC25F72949CFA80BAC /* Pods.debug.xcconfig */,
				A514AEC441207DBA08E4A83B /* Pods.release.xcconfig */,
			);
			name = Pods;
			sourceTree = "<group>";
		};
		451441C41B295CA9000532DD = {
			isa = PBXGroup;
			children = (
				451441CF1B295CA9000532DD /* Bobo */,
				451441E91B295CA9000532DD /* BoboTests */,
				451441CE1B295CA9000532DD /* Products */,
				33CB51E8FA4629747EC83665 /* Pods */,
				0B724CE50D0FC385A918684B /* Frameworks */,
			);
			sourceTree = "<group>";
		};
		451441CE1B295CA9000532DD /* Products */ = {
			isa = PBXGroup;
			children = (
				451441CD1B295CA9000532DD /* Bobo.app */,
				451441E61B295CA9000532DD /* BoboTests.xctest */,
			);
			name = Products;
			sourceTree = "<group>";
		};
		451441CF1B295CA9000532DD /* Bobo */ = {
			isa = PBXGroup;
			children = (
				45620D3C1B3706BF00B9F9F2 /* Images */,
				455FFAE61B34040E0007B883 /* Networks */,
				45617A671B2ECA1600BDFE7F /* Categories */,
				456C77E91B2AE3E30055FBE8 /* Model */,
				456C77E51B2AC59B0055FBE8 /* Views */,
				456C77E41B2AC5500055FBE8 /* Controllers */,
				451441DD1B295CA9000532DD /* Images.xcassets */,
				451441DF1B295CA9000532DD /* LaunchScreen.xib */,
				451441D01B295CA9000532DD /* Supporting Files */,
			);
			path = Bobo;
			sourceTree = "<group>";
		};
		451441D01B295CA9000532DD /* Supporting Files */ = {
			isa = PBXGroup;
			children = (
				45A979041B6E512D00A8D472 /* SWRevealViewController */,
				451442221B296413000532DD /* syslib */,
				451442031B295E3C000532DD /* libWeiboSDK */,
				451441D11B295CA9000532DD /* Info.plist */,
				451441D21B295CA9000532DD /* main.m */,
			);
			name = "Supporting Files";
			sourceTree = "<group>";
		};
		451441E91B295CA9000532DD /* BoboTests */ = {
			isa = PBXGroup;
			children = (
				451441EC1B295CA9000532DD /* BoboTests.m */,
				451441EA1B295CA9000532DD /* Supporting Files */,
			);
			path = BoboTests;
			sourceTree = "<group>";
		};
		451441EA1B295CA9000532DD /* Supporting Files */ = {
			isa = PBXGroup;
			children = (
				451441EB1B295CA9000532DD /* Info.plist */,
			);
			name = "Supporting Files";
			sourceTree = "<group>";
		};
		451442031B295E3C000532DD /* libWeiboSDK */ = {
			isa = PBXGroup;
			children = (
				451442071B29635B000532DD /* libWeiboSDK.a */,
				451442081B29635B000532DD /* WBHttpRequest.h */,
				451442091B29635B000532DD /* WBHttpRequest+WeiboShare.h */,
				4514420A1B29635B000532DD /* WBHttpRequest+WeiboToken.h */,
				4514420B1B29635B000532DD /* WBHttpRequest+WeiboUser.h */,
				4514420C1B29635B000532DD /* WBSDKBasicButton.h */,
				4514420D1B29635B000532DD /* WBSDKCommentButton.h */,
				4514420E1B29635B000532DD /* WBSDKRelationshipButton.h */,
				4514420F1B29635B000532DD /* WeiboSDK.bundle */,
				451442101B29635B000532DD /* WeiboSDK.h */,
				451442111B29635B000532DD /* WeiboUser.h */,
			);
			name = libWeiboSDK;
			sourceTree = "<group>";
		};
		451442221B296413000532DD /* syslib */ = {
			isa = PBXGroup;
			children = (
				451442201B296401000532DD /* CoreGraphics.framework */,
				4514421E1B2963FA000532DD /* Foundation.framework */,
				4514421C1B2963F4000532DD /* UIKit.framework */,
				4514421A1B2963ED000532DD /* Security.framework */,
				451442181B2963E3000532DD /* SystemConfiguration.framework */,
				451442161B2963DA000532DD /* ImageIO.framework */,
				451442141B2963D4000532DD /* QuartzCore.framework */,
			);
			name = syslib;
			sourceTree = "<group>";
		};
		455FFAE61B34040E0007B883 /* Networks */ = {
			isa = PBXGroup;
			children = (
				455FFAE71B3404540007B883 /* BBNetworkUtils.h */,
				455FFAE81B3404540007B883 /* BBNetworkUtils.m */,
			);
			name = Networks;
			sourceTree = "<group>";
		};
		45617A671B2ECA1600BDFE7F /* Categories */ = {
			isa = PBXGroup;
			children = (
				455FFAE31B33F4480007B883 /* UIButton+Bobtn.h */,
				455FFAE41B33F4480007B883 /* UIButton+Bobtn.m */,
				454E93E61B3FCD72001126E4 /* NSString+Convert.h */,
				454E93E71B3FCD72001126E4 /* NSString+Convert.m */,
			);
			name = Categories;
			sourceTree = "<group>";
		};
		45620D3C1B3706BF00B9F9F2 /* Images */ = {
			isa = PBXGroup;
			children = (
				4566BC5C1B386001008CF8D5 /* iconfont-gerenshiwu@3x.png */,
				45A052121B3A5CB200A1488D /* timeline_image_loading@2x.png */,
				457C60EC1B7332E400B10D53 /* bb_holder_profile_image.png */,
				456920401B74758B00E2C204 /* bb_collect_icon@3x.png */,
				456920421B7478A800E2C204 /* iconfont-denglu.png */,
				456920431B7478A800E2C204 /* iconfont-logout.png */,
				458393571B7B54E4005B1766 /* post_tab_icon@3x.png */,
				45620D431B370CF500B9F9F2 /* chunvzuo@3x.png */,
				4588F74F1B3BCD5E00EE32D0 /* iconfont-uber@3x.png */,
				4588F7451B3BC45500EE32D0 /* car@3x.png */,
			);
			name = Images;
			sourceTree = "<group>";
		};
		4565EEF31B562E81009D0BCD /* Weibo */ = {
			isa = PBXGroup;
			children = (
				45704DAB1B7DBBAE00DC1C8B /* BBPhotoSelectionCollectionViewController.h */,
				45704DAC1B7DBBAE00DC1C8B /* BBPhotoSelectionCollectionViewController.m */,
				451442041B295E8B000532DD /* BBMainStatusTableViewController.h */,
				451442051B295E8B000532DD /* BBMainStatusTableViewController.m */,
				458393541B7B536D005B1766 /* BBUpdateBackgroundViewController.h */,
				458393551B7B536D005B1766 /* BBUpdateBackgroundViewController.m */,
				4569202D1B745ECA00E2C204 /* BBFavoritesTableViewController.h */,
				4569202E1B745ECA00E2C204 /* BBFavoritesTableViewController.m */,
				4553E3FC1B54A8E40020989C /* BBStatusDetailTableViewController.h */,
				4553E3FD1B54A8E40020989C /* BBStatusDetailTableViewController.m */,
				4566BC491B37ACD5008CF8D5 /* BBProfileTableViewController.h */,
				4566BC4A1B37ACD5008CF8D5 /* BBProfileTableViewController.m */,
				456A2F481B7985E0005AF4E0 /* BBFriendsGroupTableViewController.h */,
				456A2F491B7985E0005AF4E0 /* BBFriendsGroupTableViewController.m */,
			);
			name = Weibo;
			sourceTree = "<group>";
		};
		456C77E41B2AC5500055FBE8 /* Controllers */ = {
			isa = PBXGroup;
			children = (
				451441D41B295CA9000532DD /* AppDelegate.h */,
				451441D51B295CA9000532DD /* AppDelegate.m */,
				4565EEF31B562E81009D0BCD /* Weibo */,
			);
			name = Controllers;
			sourceTree = "<group>";
		};
		456C77E51B2AC59B0055FBE8 /* Views */ = {
			isa = PBXGroup;
			children = (
				456DA1B31B7C86FE0091D8A7 /* BBKeyboardInputAccessoryView.h */,
				456DA1B41B7C86FE0091D8A7 /* BBKeyboardInputAccessoryView.m */,
				4572E1C11B3C59F900348866 /* BBImageBrowserView.h */,
				4572E1C21B3C59F900348866 /* BBImageBrowserView.m */,
				458393511B7B4B98005B1766 /* BBUpdateStatusView.h */,
				458393521B7B4B98005B1766 /* BBUpdateStatusView.m */,
				457C60E91B7301F500B10D53 /* BBMeHeaderView.h */,
				457C60EA1B7301F500B10D53 /* BBMeHeaderView.m */,
				456F62331B4F514100309779 /* Cells */,
			);
			name = Views;
			sourceTree = "<group>";
		};
		456C77E91B2AE3E30055FBE8 /* Model */ = {
			isa = PBXGroup;
			children = (
				457278781B53887A00AC0C9C /* Status.h */,
				457278791B53887A00AC0C9C /* Status.m */,
				4553E4021B54D73D0020989C /* Comment.h */,
				4553E4031B54D73D0020989C /* Comment.m */,
				4572787B1B53894F00AC0C9C /* User.h */,
				4572787C1B53894F00AC0C9C /* User.m */,
				457278821B53900D00AC0C9C /* Utils.h */,
				457278831B53900D00AC0C9C /* Utils.m */,
				4588F7311B3B9B5A00EE32D0 /* Counts.h */,
				4588F7321B3B9B5A00EE32D0 /* Counts.m */,
			);
			name = Model;
			sourceTree = "<group>";
		};
		456F62331B4F514100309779 /* Cells */ = {
			isa = PBXGroup;
			children = (
				456C77E61B2AC5B90055FBE8 /* BBStatusTableViewCell.h */,
				456C77E71B2AC5B90055FBE8 /* BBStatusTableViewCell.m */,
				4553E3FF1B54CAEB0020989C /* BBCommentTableViewCell.h */,
				4553E4001B54CAEB0020989C /* BBCommentTableViewCell.m */,
				45731F0A1B32BD56002EECA6 /* BBButtonbarTableViewCell.h */,
				45731F0B1B32BD56002EECA6 /* BBButtonbarTableViewCell.m */,
				45A052141B3A898200A1488D /* BBCountTableViewCell.h */,
				45A052151B3A898200A1488D /* BBCountTableViewCell.m */,
				45704DAE1B7DCBF500DC1C8B /* BBPhotoSelectionCollectionViewCell.h */,
				45704DAF1B7DCBF500DC1C8B /* BBPhotoSelectionCollectionViewCell.m */,
			);
			name = Cells;
			sourceTree = "<group>";
		};
		45A979041B6E512D00A8D472 /* SWRevealViewController */ = {
			isa = PBXGroup;
			children = (
				45A979011B6E512000A8D472 /* SWRevealViewController.h */,
				45A979021B6E512000A8D472 /* SWRevealViewController.m */,
			);
			name = SWRevealViewController;
			sourceTree = "<group>";
		};
/* End PBXGroup section */

/* Begin PBXNativeTarget section */
		451441CC1B295CA9000532DD /* Bobo */ = {
			isa = PBXNativeTarget;
			buildConfigurationList = 451441F01B295CA9000532DD /* Build configuration list for PBXNativeTarget "Bobo" */;
			buildPhases = (
				804D686669BF22252DBB1DB3 /* Check Pods Manifest.lock */,
				451441C91B295CA9000532DD /* Sources */,
				451441CA1B295CA9000532DD /* Frameworks */,
				451441CB1B295CA9000532DD /* Resources */,
				177A083A0901C2B21D616B0A /* Copy Pods Resources */,
			);
			buildRules = (
			);
			dependencies = (
			);
			name = Bobo;
			productName = Bobo;
			productReference = 451441CD1B295CA9000532DD /* Bobo.app */;
			productType = "com.apple.product-type.application";
		};
		451441E51B295CA9000532DD /* BoboTests */ = {
			isa = PBXNativeTarget;
			buildConfigurationList = 451441F31B295CA9000532DD /* Build configuration list for PBXNativeTarget "BoboTests" */;
			buildPhases = (
				451441E21B295CA9000532DD /* Sources */,
				451441E31B295CA9000532DD /* Frameworks */,
				451441E41B295CA9000532DD /* Resources */,
			);
			buildRules = (
			);
			dependencies = (
				451441E81B295CA9000532DD /* PBXTargetDependency */,
			);
			name = BoboTests;
			productName = BoboTests;
			productReference = 451441E61B295CA9000532DD /* BoboTests.xctest */;
			productType = "com.apple.product-type.bundle.unit-test";
		};
/* End PBXNativeTarget section */

/* Begin PBXProject section */
		451441C51B295CA9000532DD /* Project object */ = {
			isa = PBXProject;
			attributes = {
				LastUpgradeCheck = 0630;
				ORGANIZATIONNAME = Zhouboli;
				TargetAttributes = {
					451441CC1B295CA9000532DD = {
						CreatedOnToolsVersion = 6.3.1;
						DevelopmentTeam = R8SXHLJ4HE;
					};
					451441E51B295CA9000532DD = {
						CreatedOnToolsVersion = 6.3.1;
						TestTargetID = 451441CC1B295CA9000532DD;
					};
				};
			};
			buildConfigurationList = 451441C81B295CA9000532DD /* Build configuration list for PBXProject "Bobo" */;
			compatibilityVersion = "Xcode 3.2";
			developmentRegion = English;
			hasScannedForEncodings = 0;
			knownRegions = (
				en,
				Base,
			);
			mainGroup = 451441C41B295CA9000532DD;
			productRefGroup = 451441CE1B295CA9000532DD /* Products */;
			projectDirPath = "";
			projectRoot = "";
			targets = (
				451441CC1B295CA9000532DD /* Bobo */,
				451441E51B295CA9000532DD /* BoboTests */,
			);
		};
/* End PBXProject section */

/* Begin PBXResourcesBuildPhase section */
		451441CB1B295CA9000532DD /* Resources */ = {
			isa = PBXResourcesBuildPhase;
			buildActionMask = 2147483647;
			files = (
				456920451B7478A800E2C204 /* iconfont-logout.png in Resources */,
				451441E11B295CA9000532DD /* LaunchScreen.xib in Resources */,
				4566BC5D1B386001008CF8D5 /* iconfont-gerenshiwu@3x.png in Resources */,
				451441DE1B295CA9000532DD /* Images.xcassets in Resources */,
				456920411B74758B00E2C204 /* bb_collect_icon@3x.png in Resources */,
				451442131B29635B000532DD /* WeiboSDK.bundle in Resources */,
				45A052131B3A5CB200A1488D /* timeline_image_loading@2x.png in Resources */,
				4588F7501B3BCD5E00EE32D0 /* iconfont-uber@3x.png in Resources */,
				4588F7461B3BC45500EE32D0 /* car@3x.png in Resources */,
				45620D441B370CF500B9F9F2 /* chunvzuo@3x.png in Resources */,
				456920441B7478A800E2C204 /* iconfont-denglu.png in Resources */,
				458393581B7B54E4005B1766 /* post_tab_icon@3x.png in Resources */,
				457C60ED1B7332E400B10D53 /* bb_holder_profile_image.png in Resources */,
			);
			runOnlyForDeploymentPostprocessing = 0;
		};
		451441E41B295CA9000532DD /* Resources */ = {
			isa = PBXResourcesBuildPhase;
			buildActionMask = 2147483647;
			files = (
			);
			runOnlyForDeploymentPostprocessing = 0;
		};
/* End PBXResourcesBuildPhase section */

/* Begin PBXShellScriptBuildPhase section */
		177A083A0901C2B21D616B0A /* Copy Pods Resources */ = {
			isa = PBXShellScriptBuildPhase;
			buildActionMask = 2147483647;
			files = (
			);
			inputPaths = (
			);
			name = "Copy Pods Resources";
			outputPaths = (
			);
			runOnlyForDeploymentPostprocessing = 0;
			shellPath = /bin/sh;
			shellScript = "\"${SRCROOT}/Pods/Target Support Files/Pods/Pods-resources.sh\"\n";
			showEnvVarsInLog = 0;
		};
		804D686669BF22252DBB1DB3 /* Check Pods Manifest.lock */ = {
			isa = PBXShellScriptBuildPhase;
			buildActionMask = 2147483647;
			files = (
			);
			inputPaths = (
			);
			name = "Check Pods Manifest.lock";
			outputPaths = (
			);
			runOnlyForDeploymentPostprocessing = 0;
			shellPath = /bin/sh;
			shellScript = "diff \"${PODS_ROOT}/../Podfile.lock\" \"${PODS_ROOT}/Manifest.lock\" > /dev/null\nif [[ $? != 0 ]] ; then\n    cat << EOM\nerror: The sandbox is not in sync with the Podfile.lock. Run 'pod install' or update your CocoaPods installation.\nEOM\n    exit 1\nfi\n";
			showEnvVarsInLog = 0;
		};
/* End PBXShellScriptBuildPhase section */

/* Begin PBXSourcesBuildPhase section */
		451441C91B295CA9000532DD /* Sources */ = {
			isa = PBXSourcesBuildPhase;
			buildActionMask = 2147483647;
			files = (
				4553E4011B54CAEB0020989C /* BBCommentTableViewCell.m in Sources */,
				4553E3FE1B54A8E40020989C /* BBStatusDetailTableViewController.m in Sources */,
				45704DAD1B7DBBAE00DC1C8B /* BBPhotoSelectionCollectionViewController.m in Sources */,
				45A052161B3A898200A1488D /* BBCountTableViewCell.m in Sources */,
				45731F0C1B32BD56002EECA6 /* BBButtonbarTableViewCell.m in Sources */,
				457278841B53900D00AC0C9C /* Utils.m in Sources */,
				4572E1C31B3C59F900348866 /* BBImageBrowserView.m in Sources */,
				455FFAE91B3404540007B883 /* BBNetworkUtils.m in Sources */,
				45704DB01B7DCBF500DC1C8B /* BBPhotoSelectionCollectionViewCell.m in Sources */,
				458393561B7B536D005B1766 /* BBUpdateBackgroundViewController.m in Sources */,
				4588F7331B3B9B5A00EE32D0 /* Counts.m in Sources */,
				454E93E81B3FCD72001126E4 /* NSString+Convert.m in Sources */,
				4553E4041B54D73D0020989C /* Comment.m in Sources */,
				4566BC4B1B37ACD5008CF8D5 /* BBProfileTableViewController.m in Sources */,
				4569202F1B745ECA00E2C204 /* BBFavoritesTableViewController.m in Sources */,
				45A979031B6E512000A8D472 /* SWRevealViewController.m in Sources */,
				455FFAE51B33F4480007B883 /* UIButton+Bobtn.m in Sources */,
				456C77E81B2AC5B90055FBE8 /* BBStatusTableViewCell.m in Sources */,
				456DA1B51B7C86FE0091D8A7 /* BBKeyboardInputAccessoryView.m in Sources */,
				451441D61B295CA9000532DD /* AppDelegate.m in Sources */,
				4572787D1B53894F00AC0C9C /* User.m in Sources */,
				456A2F4A1B7985E0005AF4E0 /* BBFriendsGroupTableViewController.m in Sources */,
				451442061B295E8B000532DD /* BBMainStatusTableViewController.m in Sources */,
				457C60EB1B7301F500B10D53 /* BBMeHeaderView.m in Sources */,
				4572787A1B53887A00AC0C9C /* Status.m in Sources */,
				451441D31B295CA9000532DD /* main.m in Sources */,
				458393531B7B4B98005B1766 /* BBUpdateStatusView.m in Sources */,
			);
			runOnlyForDeploymentPostprocessing = 0;
		};
		451441E21B295CA9000532DD /* Sources */ = {
			isa = PBXSourcesBuildPhase;
			buildActionMask = 2147483647;
			files = (
				451441ED1B295CA9000532DD /* BoboTests.m in Sources */,
			);
			runOnlyForDeploymentPostprocessing = 0;
		};
/* End PBXSourcesBuildPhase section */

/* Begin PBXTargetDependency section */
		451441E81B295CA9000532DD /* PBXTargetDependency */ = {
			isa = PBXTargetDependency;
			target = 451441CC1B295CA9000532DD /* Bobo */;
			targetProxy = 451441E71B295CA9000532DD /* PBXContainerItemProxy */;
		};
/* End PBXTargetDependency section */

/* Begin PBXVariantGroup section */
		451441DF1B295CA9000532DD /* LaunchScreen.xib */ = {
			isa = PBXVariantGroup;
			children = (
				451441E01B295CA9000532DD /* Base */,
			);
			name = LaunchScreen.xib;
			sourceTree = "<group>";
		};
/* End PBXVariantGroup section */

/* Begin XCBuildConfiguration section */
		451441EE1B295CA9000532DD /* Debug */ = {
			isa = XCBuildConfiguration;
			buildSettings = {
				ALWAYS_SEARCH_USER_PATHS = NO;
				CLANG_CXX_LANGUAGE_STANDARD = "gnu++0x";
				CLANG_CXX_LIBRARY = "libc++";
				CLANG_ENABLE_MODULES = YES;
				CLANG_ENABLE_OBJC_ARC = YES;
				CLANG_WARN_BOOL_CONVERSION = YES;
				CLANG_WARN_CONSTANT_CONVERSION = YES;
				CLANG_WARN_DIRECT_OBJC_ISA_USAGE = YES_ERROR;
				CLANG_WARN_EMPTY_BODY = YES;
				CLANG_WARN_ENUM_CONVERSION = YES;
				CLANG_WARN_INT_CONVERSION = YES;
				CLANG_WARN_OBJC_ROOT_CLASS = YES_ERROR;
				CLANG_WARN_UNREACHABLE_CODE = YES;
				CLANG_WARN__DUPLICATE_METHOD_MATCH = YES;
				"CODE_SIGN_IDENTITY[sdk=iphoneos*]" = "iPhone Developer";
				COPY_PHASE_STRIP = NO;
				DEBUG_INFORMATION_FORMAT = "dwarf-with-dsym";
				ENABLE_STRICT_OBJC_MSGSEND = YES;
				GCC_C_LANGUAGE_STANDARD = gnu99;
				GCC_DYNAMIC_NO_PIC = NO;
				GCC_NO_COMMON_BLOCKS = YES;
				GCC_OPTIMIZATION_LEVEL = 0;
				GCC_PREPROCESSOR_DEFINITIONS = (
					"DEBUG=1",
					"$(inherited)",
				);
				GCC_SYMBOLS_PRIVATE_EXTERN = NO;
				GCC_WARN_64_TO_32_BIT_CONVERSION = YES;
				GCC_WARN_ABOUT_RETURN_TYPE = YES_ERROR;
				GCC_WARN_UNDECLARED_SELECTOR = YES;
				GCC_WARN_UNINITIALIZED_AUTOS = YES_AGGRESSIVE;
				GCC_WARN_UNUSED_FUNCTION = YES;
				GCC_WARN_UNUSED_VARIABLE = YES;
				IPHONEOS_DEPLOYMENT_TARGET = 8.3;
				MTL_ENABLE_DEBUG_INFO = YES;
				ONLY_ACTIVE_ARCH = YES;
				SDKROOT = iphoneos;
				TARGETED_DEVICE_FAMILY = "1,2";
				VALID_ARCHS = "arm64 armv7 armv7s";
			};
			name = Debug;
		};
		451441EF1B295CA9000532DD /* Release */ = {
			isa = XCBuildConfiguration;
			buildSettings = {
				ALWAYS_SEARCH_USER_PATHS = NO;
				CLANG_CXX_LANGUAGE_STANDARD = "gnu++0x";
				CLANG_CXX_LIBRARY = "libc++";
				CLANG_ENABLE_MODULES = YES;
				CLANG_ENABLE_OBJC_ARC = YES;
				CLANG_WARN_BOOL_CONVERSION = YES;
				CLANG_WARN_CONSTANT_CONVERSION = YES;
				CLANG_WARN_DIRECT_OBJC_ISA_USAGE = YES_ERROR;
				CLANG_WARN_EMPTY_BODY = YES;
				CLANG_WARN_ENUM_CONVERSION = YES;
				CLANG_WARN_INT_CONVERSION = YES;
				CLANG_WARN_OBJC_ROOT_CLASS = YES_ERROR;
				CLANG_WARN_UNREACHABLE_CODE = YES;
				CLANG_WARN__DUPLICATE_METHOD_MATCH = YES;
				"CODE_SIGN_IDENTITY[sdk=iphoneos*]" = "iPhone Developer";
				COPY_PHASE_STRIP = NO;
				DEBUG_INFORMATION_FORMAT = "dwarf-with-dsym";
				ENABLE_NS_ASSERTIONS = NO;
				ENABLE_STRICT_OBJC_MSGSEND = YES;
				GCC_C_LANGUAGE_STANDARD = gnu99;
				GCC_NO_COMMON_BLOCKS = YES;
				GCC_WARN_64_TO_32_BIT_CONVERSION = YES;
				GCC_WARN_ABOUT_RETURN_TYPE = YES_ERROR;
				GCC_WARN_UNDECLARED_SELECTOR = YES;
				GCC_WARN_UNINITIALIZED_AUTOS = YES_AGGRESSIVE;
				GCC_WARN_UNUSED_FUNCTION = YES;
				GCC_WARN_UNUSED_VARIABLE = YES;
				IPHONEOS_DEPLOYMENT_TARGET = 8.3;
				MTL_ENABLE_DEBUG_INFO = NO;
				SDKROOT = iphoneos;
				TARGETED_DEVICE_FAMILY = "1,2";
				VALIDATE_PRODUCT = YES;
				VALID_ARCHS = "arm64 armv7 armv7s";
			};
			name = Release;
		};
		451441F11B295CA9000532DD /* Debug */ = {
			isa = XCBuildConfiguration;
			baseConfigurationReference = 380F8FFC25F72949CFA80BAC /* Pods.debug.xcconfig */;
			buildSettings = {
				ASSETCATALOG_COMPILER_APPICON_NAME = AppIcon;
				ASSETCATALOG_COMPILER_LAUNCHIMAGE_NAME = LaunchImage;
				CODE_SIGN_IDENTITY = "iPhone Developer";
				FRAMEWORK_SEARCH_PATHS = (
					"$(inherited)",
					/Users/zhouboli/Documents/untitled,
					"folder/Bobo/Bobo/Release-iphoneos",
					"$(PROJECT_DIR)/Bobo/Release-iphoneos",
					"$(PROJECT_DIR)/Bobo",
				);
				INFOPLIST_FILE = Bobo/Info.plist;
				IPHONEOS_DEPLOYMENT_TARGET = 8.4;
				LD_RUNPATH_SEARCH_PATHS = "$(inherited) @executable_path/Frameworks";
				LIBRARY_SEARCH_PATHS = (
					"$(inherited)",
					"$(PROJECT_DIR)/Bobo",
				);
				OTHER_LDFLAGS = (
					"-ObjC",
					"$(inherited)",
				);
				PRODUCT_NAME = "$(TARGET_NAME)";
				VALID_ARCHS = "arm64 armv7 armv7s";
			};
			name = Debug;
		};
		451441F21B295CA9000532DD /* Release */ = {
			isa = XCBuildConfiguration;
			baseConfigurationReference = A514AEC441207DBA08E4A83B /* Pods.release.xcconfig */;
			buildSettings = {
				ASSETCATALOG_COMPILER_APPICON_NAME = AppIcon;
				ASSETCATALOG_COMPILER_LAUNCHIMAGE_NAME = LaunchImage;
				CODE_SIGN_IDENTITY = "iPhone Developer";
				FRAMEWORK_SEARCH_PATHS = (
					"$(inherited)",
					/Users/zhouboli/Documents/untitled,
					"folder/Bobo/Bobo/Release-iphoneos",
					"$(PROJECT_DIR)/Bobo/Release-iphoneos",
					"$(PROJECT_DIR)/Bobo",
				);
				INFOPLIST_FILE = Bobo/Info.plist;
				IPHONEOS_DEPLOYMENT_TARGET = 8.4;
				LD_RUNPATH_SEARCH_PATHS = "$(inherited) @executable_path/Frameworks";
				LIBRARY_SEARCH_PATHS = (
					"$(inherited)",
					"$(PROJECT_DIR)/Bobo",
				);
				OTHER_LDFLAGS = (
					"-ObjC",
					"$(inherited)",
				);
				PRODUCT_NAME = "$(TARGET_NAME)";
				VALID_ARCHS = "arm64 armv7 armv7s";
			};
			name = Release;
		};
		451441F41B295CA9000532DD /* Debug */ = {
			isa = XCBuildConfiguration;
			buildSettings = {
				BUNDLE_LOADER = "$(TEST_HOST)";
				FRAMEWORK_SEARCH_PATHS = (
					"$(SDKROOT)/Developer/Library/Frameworks",
					"$(inherited)",
				);
				GCC_PREPROCESSOR_DEFINITIONS = (
					"DEBUG=1",
					"$(inherited)",
				);
				INFOPLIST_FILE = BoboTests/Info.plist;
				LD_RUNPATH_SEARCH_PATHS = "$(inherited) @executable_path/Frameworks @loader_path/Frameworks";
				PRODUCT_NAME = "$(TARGET_NAME)";
				TEST_HOST = "$(BUILT_PRODUCTS_DIR)/Bobo.app/Bobo";
			};
			name = Debug;
		};
		451441F51B295CA9000532DD /* Release */ = {
			isa = XCBuildConfiguration;
			buildSettings = {
				BUNDLE_LOADER = "$(TEST_HOST)";
				FRAMEWORK_SEARCH_PATHS = (
					"$(SDKROOT)/Developer/Library/Frameworks",
					"$(inherited)",
				);
				INFOPLIST_FILE = BoboTests/Info.plist;
				LD_RUNPATH_SEARCH_PATHS = "$(inherited) @executable_path/Frameworks @loader_path/Frameworks";
				PRODUCT_NAME = "$(TARGET_NAME)";
				TEST_HOST = "$(BUILT_PRODUCTS_DIR)/Bobo.app/Bobo";
			};
			name = Release;
		};
/* End XCBuildConfiguration section */

/* Begin XCConfigurationList section */
		451441C81B295CA9000532DD /* Build configuration list for PBXProject "Bobo" */ = {
			isa = XCConfigurationList;
			buildConfigurations = (
				451441EE1B295CA9000532DD /* Debug */,
				451441EF1B295CA9000532DD /* Release */,
			);
			defaultConfigurationIsVisible = 0;
			defaultConfigurationName = Release;
		};
		451441F01B295CA9000532DD /* Build configuration list for PBXNativeTarget "Bobo" */ = {
			isa = XCConfigurationList;
			buildConfigurations = (
				451441F11B295CA9000532DD /* Debug */,
				451441F21B295CA9000532DD /* Release */,
			);
			defaultConfigurationIsVisible = 0;
			defaultConfigurationName = Release;
		};
		451441F31B295CA9000532DD /* Build configuration list for PBXNativeTarget "BoboTests" */ = {
			isa = XCConfigurationList;
			buildConfigurations = (
				451441F41B295CA9000532DD /* Debug */,
				451441F51B295CA9000532DD /* Release */,
			);
			defaultConfigurationIsVisible = 0;
			defaultConfigurationName = Release;
		};
/* End XCConfigurationList section */
	};
	rootObject = 451441C51B295CA9000532DD /* Project object */;
}
