// !$*UTF8*$!
{
	archiveVersion = 1;
	classes = {
	};
	objectVersion = 46;
	objects = {

/* Begin PBXBuildFile section */
		451441D31B295CA9000532DD /* main.m in Sources */ = {isa = PBXBuildFile; fileRef = 451441D21B295CA9000532DD /* main.m */; };
		451441D61B295CA9000532DD /* AppDelegate.m in Sources */ = {isa = PBXBuildFile; fileRef = 451441D51B295CA9000532DD /* AppDelegate.m */; };
		451441D91B295CA9000532DD /* ViewController.m in Sources */ = {isa = PBXBuildFile; fileRef = 451441D81B295CA9000532DD /* ViewController.m */; };
		451441DC1B295CA9000532DD /* Main.storyboard in Resources */ = {isa = PBXBuildFile; fileRef = 451441DA1B295CA9000532DD /* Main.storyboard */; };
		451441DE1B295CA9000532DD /* Images.xcassets in Resources */ = {isa = PBXBuildFile; fileRef = 451441DD1B295CA9000532DD /* Images.xcassets */; };
		451441E11B295CA9000532DD /* LaunchScreen.xib in Resources */ = {isa = PBXBuildFile; fileRef = 451441DF1B295CA9000532DD /* LaunchScreen.xib */; };
		451441ED1B295CA9000532DD /* BoboTests.m in Sources */ = {isa = PBXBuildFile; fileRef = 451441EC1B295CA9000532DD /* BoboTests.m */; };
/* End PBXBuildFile section */

/* Begin PBXContainerItemProxy section */
		451441E71B295CA9000532DD /* PBXContainerItemProxy */ = {
			isa = PBXContainerItemProxy;
			containerPortal = 451441C51B295CA9000532DD /* Project object */;
			proxyType = 1;
			remoteGlobalIDString = 451441CC1B295CA9000532DD;
			remoteInfo = Bobo;
		};
/* End PBXContainerItemProxy section */

/* Begin PBXFileReference section */
		451441CD1B295CA9000532DD /* Bobo.app */ = {isa = PBXFileReference; explicitFileType = wrapper.application; includeInIndex = 0; path = Bobo.app; sourceTree = BUILT_PRODUCTS_DIR; };
		451441D11B295CA9000532DD /* Info.plist */ = {isa = PBXFileReference; lastKnownFileType = text.plist.xml; path = Info.plist; sourceTree = "<group>"; };
		451441D21B295CA9000532DD /* main.m */ = {isa = PBXFileReference; lastKnownFileType = sourcecode.c.objc; path = main.m; sourceTree = "<group>"; };
		451441D41B295CA9000532DD /* AppDelegate.h */ = {isa = PBXFileReference; lastKnownFileType = sourcecode.c.h; path = AppDelegate.h; sourceTree = "<group>"; };
		451441D51B295CA9000532DD /* AppDelegate.m */ = {isa = PBXFileReference; lastKnownFileType = sourcecode.c.objc; path = AppDelegate.m; sourceTree = "<group>"; };
		451441D71B295CA9000532DD /* ViewController.h */ = {isa = PBXFileReference; lastKnownFileType = sourcecode.c.h; path = ViewController.h; sourceTree = "<group>"; };
		451441D81B295CA9000532DD /* ViewController.m */ = {isa = PBXFileReference; lastKnownFileType = sourcecode.c.objc; path = ViewController.m; sourceTree = "<group>"; };
		451441DB1B295CA9000532DD /* Base */ = {isa = PBXFileReference; lastKnownFileType = file.storyboard; name = Base; path = Base.lproj/Main.storyboard; sourceTree = "<group>"; };
		451441DD1B295CA9000532DD /* Images.xcassets */ = {isa = PBXFileReference; lastKnownFileType = folder.assetcatalog; path = Images.xcassets; sourceTree = "<group>"; };
		451441E01B295CA9000532DD /* Base */ = {isa = PBXFileReference; lastKnownFileType = file.xib; name = Base; path = Base.lproj/LaunchScreen.xib; sourceTree = "<group>"; };
		451441E61B295CA9000532DD /* BoboTests.xctest */ = {isa = PBXFileReference; explicitFileType = wrapper.cfbundle; includeInIndex = 0; path = BoboTests.xctest; sourceTree = BUILT_PRODUCTS_DIR; };
		451441EB1B295CA9000532DD /* Info.plist */ = {isa = PBXFileReference; lastKnownFileType = text.plist.xml; path = Info.plist; sourceTree = "<group>"; };
		451441EC1B295CA9000532DD /* BoboTests.m */ = {isa = PBXFileReference; lastKnownFileType = sourcecode.c.objc; path = BoboTests.m; sourceTree = "<group>"; };
/* End PBXFileReference section */

/* Begin PBXFrameworksBuildPhase section */
		451441CA1B295CA9000532DD /* Frameworks */ = {
			isa = PBXFrameworksBuildPhase;
			buildActionMask = 2147483647;
			files = (
			);
			runOnlyForDeploymentPostprocessing = 0;
		};
		451441E31B295CA9000532DD /* Frameworks */ = {
			isa = PBXFrameworksBuildPhase;
			buildActionMask = 2147483647;
			files = (
			);
			runOnlyForDeploymentPostprocessing = 0;
		};
/* End PBXFrameworksBuildPhase section */

/* Begin PBXGroup section */
		451441C41B295CA9000532DD = {
			isa = PBXGroup;
			children = (
				451441CF1B295CA9000532DD /* Bobo */,
				451441E91B295CA9000532DD /* BoboTests */,
				451441CE1B295CA9000532DD /* Products */,
			);
			sourceTree = "<group>";
		};
		451441CE1B295CA9000532DD /* Products */ = {
			isa = PBXGroup;
			children = (
				451441CD1B295CA9000532DD /* Bobo.app */,
				451441E61B295CA9000532DD /* BoboTests.xctest */,
			);
			name = Products;
			sourceTree = "<group>";
		};
		451441CF1B295CA9000532DD /* Bobo */ = {
			isa = PBXGroup;
			children = (
				451441D41B295CA9000532DD /* AppDelegate.h */,
				451441D51B295CA9000532DD /* AppDelegate.m */,
				451441D71B295CA9000532DD /* ViewController.h */,
				451441D81B295CA9000532DD /* ViewController.m */,
				451441DA1B295CA9000532DD /* Main.storyboard */,
				451441DD1B295CA9000532DD /* Images.xcassets */,
				451441DF1B295CA9000532DD /* LaunchScreen.xib */,
				451441D01B295CA9000532DD /* Supporting Files */,
			);
			path = Bobo;
			sourceTree = "<group>";
		};
		451441D01B295CA9000532DD /* Supporting Files */ = {
			isa = PBXGroup;
			children = (
				451441D11B295CA9000532DD /* Info.plist */,
				451441D21B295CA9000532DD /* main.m */,
			);
			name = "Supporting Files";
			sourceTree = "<group>";
		};
		451441E91B295CA9000532DD /* BoboTests */ = {
			isa = PBXGroup;
			children = (
				451441EC1B295CA9000532DD /* BoboTests.m */,
				451441EA1B295CA9000532DD /* Supporting Files */,
			);
			path = BoboTests;
			sourceTree = "<group>";
		};
		451441EA1B295CA9000532DD /* Supporting Files */ = {
			isa = PBXGroup;
			children = (
				451441EB1B295CA9000532DD /* Info.plist */,
			);
			name = "Supporting Files";
			sourceTree = "<group>";
		};
/* End PBXGroup section */

/* Begin PBXNativeTarget section */
		451441CC1B295CA9000532DD /* Bobo */ = {
			isa = PBXNativeTarget;
			buildConfigurationList = 451441F01B295CA9000532DD /* Build configuration list for PBXNativeTarget "Bobo" */;
			buildPhases = (
				451441C91B295CA9000532DD /* Sources */,
				451441CA1B295CA9000532DD /* Frameworks */,
				451441CB1B295CA9000532DD /* Resources */,
			);
			buildRules = (
			);
			dependencies = (
			);
			name = Bobo;
			productName = Bobo;
			productReference = 451441CD1B295CA9000532DD /* Bobo.app */;
			productType = "com.apple.product-type.application";
		};
		451441E51B295CA9000532DD /* BoboTests */ = {
			isa = PBXNativeTarget;
			buildConfigurationList = 451441F31B295CA9000532DD /* Build configuration list for PBXNativeTarget "BoboTests" */;
			buildPhases = (
				451441E21B295CA9000532DD /* Sources */,
				451441E31B295CA9000532DD /* Frameworks */,
				451441E41B295CA9000532DD /* Resources */,
			);
			buildRules = (
			);
			dependencies = (
				451441E81B295CA9000532DD /* PBXTargetDependency */,
			);
			name = BoboTests;
			productName = BoboTests;
			productReference = 451441E61B295CA9000532DD /* BoboTests.xctest */;
			productType = "com.apple.product-type.bundle.unit-test";
		};
/* End PBXNativeTarget section */

/* Begin PBXProject section */
		451441C51B295CA9000532DD /* Project object */ = {
			isa = PBXProject;
			attributes = {
				LastUpgradeCheck = 0630;
				ORGANIZATIONNAME = Zhouboli;
				TargetAttributes = {
					451441CC1B295CA9000532DD = {
						CreatedOnToolsVersion = 6.3.1;
					};
					451441E51B295CA9000532DD = {
						CreatedOnToolsVersion = 6.3.1;
						TestTargetID = 451441CC1B295CA9000532DD;
					};
				};
			};
			buildConfigurationList = 451441C81B295CA9000532DD /* Build configuration list for PBXProject "Bobo" */;
			compatibilityVersion = "Xcode 3.2";
			developmentRegion = English;
			hasScannedForEncodings = 0;
			knownRegions = (
				en,
				Base,
			);
			mainGroup = 451441C41B295CA9000532DD;
			productRefGroup = 451441CE1B295CA9000532DD /* Products */;
			projectDirPath = "";
			projectRoot = "";
			targets = (
				451441CC1B295CA9000532DD /* Bobo */,
				451441E51B295CA9000532DD /* BoboTests */,
			);
		};
/* End PBXProject section */

/* Begin PBXResourcesBuildPhase section */
		451441CB1B295CA9000532DD /* Resources */ = {
			isa = PBXResourcesBuildPhase;
			buildActionMask = 2147483647;
			files = (
				451441DC1B295CA9000532DD /* Main.storyboard in Resources */,
				451441E11B295CA9000532DD /* LaunchScreen.xib in Resources */,
				451441DE1B295CA9000532DD /* Images.xcassets in Resources */,
			);
			runOnlyForDeploymentPostprocessing = 0;
		};
		451441E41B295CA9000532DD /* Resources */ = {
			isa = PBXResourcesBuildPhase;
			buildActionMask = 2147483647;
			files = (
			);
			runOnlyForDeploymentPostprocessing = 0;
		};
/* End PBXResourcesBuildPhase section */

/* Begin PBXSourcesBuildPhase section */
		451441C91B295CA9000532DD /* Sources */ = {
			isa = PBXSourcesBuildPhase;
			buildActionMask = 2147483647;
			files = (
				451441D91B295CA9000532DD /* ViewController.m in Sources */,
				451441D61B295CA9000532DD /* AppDelegate.m in Sources */,
				451441D31B295CA9000532DD /* main.m in Sources */,
			);
			runOnlyForDeploymentPostprocessing = 0;
		};
		451441E21B295CA9000532DD /* Sources */ = {
			isa = PBXSourcesBuildPhase;
			buildActionMask = 2147483647;
			files = (
				451441ED1B295CA9000532DD /* BoboTests.m in Sources */,
			);
			runOnlyForDeploymentPostprocessing = 0;
		};
/* End PBXSourcesBuildPhase section */

/* Begin PBXTargetDependency section */
		451441E81B295CA9000532DD /* PBXTargetDependency */ = {
			isa = PBXTargetDependency;
			target = 451441CC1B295CA9000532DD /* Bobo */;
			targetProxy = 451441E71B295CA9000532DD /* PBXContainerItemProxy */;
		};
/* End PBXTargetDependency section */

/* Begin PBXVariantGroup section */
		451441DA1B295CA9000532DD /* Main.storyboard */ = {
			isa = PBXVariantGroup;
			children = (
				451441DB1B295CA9000532DD /* Base */,
			);
			name = Main.storyboard;
			sourceTree = "<group>";
		};
		451441DF1B295CA9000532DD /* LaunchScreen.xib */ = {
			isa = PBXVariantGroup;
			children = (
				451441E01B295CA9000532DD /* Base */,
			);
			name = LaunchScreen.xib;
			sourceTree = "<group>";
		};
/* End PBXVariantGroup section */

/* Begin XCBuildConfiguration section */
		451441EE1B295CA9000532DD /* Debug */ = {
			isa = XCBuildConfiguration;
			buildSettings = {
				ALWAYS_SEARCH_USER_PATHS = NO;
				CLANG_CXX_LANGUAGE_STANDARD = "gnu++0x";
				CLANG_CXX_LIBRARY = "libc++";
				CLANG_ENABLE_MODULES = YES;
				CLANG_ENABLE_OBJC_ARC = YES;
				CLANG_WARN_BOOL_CONVERSION = YES;
				CLANG_WARN_CONSTANT_CONVERSION = YES;
				CLANG_WARN_DIRECT_OBJC_ISA_USAGE = YES_ERROR;
				CLANG_WARN_EMPTY_BODY = YES;
				CLANG_WARN_ENUM_CONVERSION = YES;
				CLANG_WARN_INT_CONVERSION = YES;
				CLANG_WARN_OBJC_ROOT_CLASS = YES_ERROR;
				CLANG_WARN_UNREACHABLE_CODE = YES;
				CLANG_WARN__DUPLICATE_METHOD_MATCH = YES;
				"CODE_SIGN_IDENTITY[sdk=iphoneos*]" = "iPhone Developer";
				COPY_PHASE_STRIP = NO;
				DEBUG_INFORMATION_FORMAT = "dwarf-with-dsym";
				ENABLE_STRICT_OBJC_MSGSEND = YES;
				GCC_C_LANGUAGE_STANDARD = gnu99;
				GCC_DYNAMIC_NO_PIC = NO;
				GCC_NO_COMMON_BLOCKS = YES;
				GCC_OPTIMIZATION_LEVEL = 0;
				GCC_PREPROCESSOR_DEFINITIONS = (
					"DEBUG=1",
					"$(inherited)",
				);
				GCC_SYMBOLS_PRIVATE_EXTERN = NO;
				GCC_WARN_64_TO_32_BIT_CONVERSION = YES;
				GCC_WARN_ABOUT_RETURN_TYPE = YES_ERROR;
				GCC_WARN_UNDECLARED_SELECTOR = YES;
				GCC_WARN_UNINITIALIZED_AUTOS = YES_AGGRESSIVE;
				GCC_WARN_UNUSED_FUNCTION = YES;
				GCC_WARN_UNUSED_VARIABLE = YES;
				IPHONEOS_DEPLOYMENT_TARGET = 8.3;
				MTL_ENABLE_DEBUG_INFO = YES;
				ONLY_ACTIVE_ARCH = YES;
				SDKROOT = iphoneos;
				TARGETED_DEVICE_FAMILY = "1,2";
			};
			name = Debug;
		};
		451441EF1B295CA9000532DD /* Release */ = {
			isa = XCBuildConfiguration;
			buildSettings = {
				ALWAYS_SEARCH_USER_PATHS = NO;
				CLANG_CXX_LANGUAGE_STANDARD = "gnu++0x";
				CLANG_CXX_LIBRARY = "libc++";
				CLANG_ENABLE_MODULES = YES;
				CLANG_ENABLE_OBJC_ARC = YES;
				CLANG_WARN_BOOL_CONVERSION = YES;
				CLANG_WARN_CONSTANT_CONVERSION = YES;
				CLANG_WARN_DIRECT_OBJC_ISA_USAGE = YES_ERROR;
				CLANG_WARN_EMPTY_BODY = YES;
				CLANG_WARN_ENUM_CONVERSION = YES;
				CLANG_WARN_INT_CONVERSION = YES;
				CLANG_WARN_OBJC_ROOT_CLASS = YES_ERROR;
				CLANG_WARN_UNREACHABLE_CODE = YES;
				CLANG_WARN__DUPLICATE_METHOD_MATCH = YES;
				"CODE_SIGN_IDENTITY[sdk=iphoneos*]" = "iPhone Developer";
				COPY_PHASE_STRIP = NO;
				DEBUG_INFORMATION_FORMAT = "dwarf-with-dsym";
				ENABLE_NS_ASSERTIONS = NO;
				ENABLE_STRICT_OBJC_MSGSEND = YES;
				GCC_C_LANGUAGE_STANDARD = gnu99;
				GCC_NO_COMMON_BLOCKS = YES;
				GCC_WARN_64_TO_32_BIT_CONVERSION = YES;
				GCC_WARN_ABOUT_RETURN_TYPE = YES_ERROR;
				GCC_WARN_UNDECLARED_SELECTOR = YES;
				GCC_WARN_UNINITIALIZED_AUTOS = YES_AGGRESSIVE;
				GCC_WARN_UNUSED_FUNCTION = YES;
				GCC_WARN_UNUSED_VARIABLE = YES;
				IPHONEOS_DEPLOYMENT_TARGET = 8.3;
				MTL_ENABLE_DEBUG_INFO = NO;
				SDKROOT = iphoneos;
				TARGETED_DEVICE_FAMILY = "1,2";
				VALIDATE_PRODUCT = YES;
			};
			name = Release;
		};
		451441F11B295CA9000532DD /* Debug */ = {
			isa = XCBuildConfiguration;
			buildSettings = {
				ASSETCATALOG_COMPILER_APPICON_NAME = AppIcon;
				INFOPLIST_FILE = Bobo/Info.plist;
				LD_RUNPATH_SEARCH_PATHS = "$(inherited) @executable_path/Frameworks";
				PRODUCT_NAME = "$(TARGET_NAME)";
			};
			name = Debug;
		};
		451441F21B295CA9000532DD /* Release */ = {
			isa = XCBuildConfiguration;
			buildSettings = {
				ASSETCATALOG_COMPILER_APPICON_NAME = AppIcon;
				INFOPLIST_FILE = Bobo/Info.plist;
				LD_RUNPATH_SEARCH_PATHS = "$(inherited) @executable_path/Frameworks";
				PRODUCT_NAME = "$(TARGET_NAME)";
			};
			name = Release;
		};
		451441F41B295CA9000532DD /* Debug */ = {
			isa = XCBuildConfiguration;
			buildSettings = {
				BUNDLE_LOADER = "$(TEST_HOST)";
				FRAMEWORK_SEARCH_PATHS = (
					"$(SDKROOT)/Developer/Library/Frameworks",
					"$(inherited)",
				);
				GCC_PREPROCESSOR_DEFINITIONS = (
					"DEBUG=1",
					"$(inherited)",
				);
				INFOPLIST_FILE = BoboTests/Info.plist;
				LD_RUNPATH_SEARCH_PATHS = "$(inherited) @executable_path/Frameworks @loader_path/Frameworks";
				PRODUCT_NAME = "$(TARGET_NAME)";
				TEST_HOST = "$(BUILT_PRODUCTS_DIR)/Bobo.app/Bobo";
			};
			name = Debug;
		};
		451441F51B295CA9000532DD /* Release */ = {
			isa = XCBuildConfiguration;
			buildSettings = {
				BUNDLE_LOADER = "$(TEST_HOST)";
				FRAMEWORK_SEARCH_PATHS = (
					"$(SDKROOT)/Developer/Library/Frameworks",
					"$(inherited)",
				);
				INFOPLIST_FILE = BoboTests/Info.plist;
				LD_RUNPATH_SEARCH_PATHS = "$(inherited) @executable_path/Frameworks @loader_path/Frameworks";
				PRODUCT_NAME = "$(TARGET_NAME)";
				TEST_HOST = "$(BUILT_PRODUCTS_DIR)/Bobo.app/Bobo";
			};
			name = Release;
		};
/* End XCBuildConfiguration section */

/* Begin XCConfigurationList section */
		451441C81B295CA9000532DD /* Build configuration list for PBXProject "Bobo" */ = {
			isa = XCConfigurationList;
			buildConfigurations = (
				451441EE1B295CA9000532DD /* Debug */,
				451441EF1B295CA9000532DD /* Release */,
			);
			defaultConfigurationIsVisible = 0;
			defaultConfigurationName = Release;
		};
		451441F01B295CA9000532DD /* Build configuration list for PBXNativeTarget "Bobo" */ = {
			isa = XCConfigurationList;
			buildConfigurations = (
				451441F11B295CA9000532DD /* Debug */,
				451441F21B295CA9000532DD /* Release */,
			);
			defaultConfigurationIsVisible = 0;
		};
		451441F31B295CA9000532DD /* Build configuration list for PBXNativeTarget "BoboTests" */ = {
			isa = XCConfigurationList;
			buildConfigurations = (
				451441F41B295CA9000532DD /* Debug */,
				451441F51B295CA9000532DD /* Release */,
			);
			defaultConfigurationIsVisible = 0;
		};
/* End XCConfigurationList section */
	};
	rootObject = 451441C51B295CA9000532DD /* Project object */;
}
